
Microsoft Visual Studio Solution File, Format Version 12.00
# Visual Studio 15
VisualStudioVersion = 15.0.28307.421
MinimumVisualStudioVersion = 10.0.40219.1
Project("{FAE04EC0-301F-11D3-BF4B-00C04F79EFBC}") = "BattleIA", "BattleIA\BattleIA.csproj", "{1D5D6807-973E-414B-A914-3D8E3632AD24}"
EndProject
Global
	GlobalSection(SolutionConfigurationPlatforms) = preSolution
		Debug|Any CPU = Debug|Any CPU
		Release|Any CPU = Release|Any CPU
	EndGlobalSection
	GlobalSection(ProjectConfigurationPlatforms) = postSolution
		{1D5D6807-973E-414B-A914-3D8E3632AD24}.Debug|Any CPU.ActiveCfg = Debug|Any CPU
		{1D5D6807-973E-414B-A914-3D8E3632AD24}.Debug|Any CPU.Build.0 = Debug|Any CPU
		{1D5D6807-973E-414B-A914-3D8E3632AD24}.Release|Any CPU.ActiveCfg = Release|Any CPU
		{1D5D6807-973E-414B-A914-3D8E3632AD24}.Release|Any CPU.Build.0 = Release|Any CPU
	EndGlobalSection
	GlobalSection(SolutionProperties) = preSolution
		HideSolutionNode = FALSE
	EndGlobalSection
	GlobalSection(ExtensibilityGlobals) = postSolution
		SolutionGuid = {5A12A483-5DD4-492B-9BE9-AFC763662D3A}
	EndGlobalSection
EndGlobal
